
Microsoft Visual Studio Solution File, Format Version 12.00
# Visual Studio Version 17
VisualStudioVersion = 17.8.34330.188
MinimumVisualStudioVersion = 10.0.40219.1
Project("{778DAE3C-4631-46EA-AA77-85C1314464D9}") = "自动二次元图", "自动二次元图.vbproj", "{0341AB81-2B59-4841-88C0-25917790575B}"
EndProject
Global
	GlobalSection(SolutionConfigurationPlatforms) = preSolution
		Debug|Any CPU = Debug|Any CPU
		Release|Any CPU = Release|Any CPU
	EndGlobalSection
	GlobalSection(ProjectConfigurationPlatforms) = postSolution
		{0341AB81-2B59-4841-88C0-25917790575B}.Debug|Any CPU.ActiveCfg = Release|Any CPU
		{0341AB81-2B59-4841-88C0-25917790575B}.Debug|Any CPU.Build.0 = Release|Any CPU
		{0341AB81-2B59-4841-88C0-25917790575B}.Release|Any CPU.ActiveCfg = Release|Any CPU
		{0341AB81-2B59-4841-88C0-25917790575B}.Release|Any CPU.Build.0 = Release|Any CPU
	EndGlobalSection
	GlobalSection(SolutionProperties) = preSolution
		HideSolutionNode = FALSE
	EndGlobalSection
	GlobalSection(ExtensibilityGlobals) = postSolution
		SolutionGuid = {B55430AA-13B1-4CD8-B411-B3098AE132CD}
	EndGlobalSection
EndGlobal
